
Microsoft Visual Studio Solution File, Format Version 12.00
# Visual Studio 15
VisualStudioVersion = 15.0.28307.902
MinimumVisualStudioVersion = 10.0.40219.1
Project("{9A19103F-16F7-4668-BE54-9A1E7A4F7556}") = "HotelBookingSystem.DAL", "HotelBookingSystem.DAL\HotelBookingSystem.DAL.csproj", "{F48DD89F-E162-4775-BDC5-326C21753A41}"
EndProject
Project("{9A19103F-16F7-4668-BE54-9A1E7A4F7556}") = "HotelBookingSystem.WebAppMVC", "HotelBookingSystem.WebAppMVC\HotelBookingSystem.WebAppMVC.csproj", "{56CB0FEF-BD28-4AF8-B329-6BBAEDBF23BC}"
EndProject
Project("{9A19103F-16F7-4668-BE54-9A1E7A4F7556}") = "HotelBookingSystem.WebAPI", "HotelBookingSystem.WebAPI\HotelBookingSystem.WebAPI.csproj", "{79E09712-6D43-423B-9702-1DB6585B1CF6}"
EndProject
Global
	GlobalSection(SolutionConfigurationPlatforms) = preSolution
		Debug|Any CPU = Debug|Any CPU
		Release|Any CPU = Release|Any CPU
	EndGlobalSection
	GlobalSection(ProjectConfigurationPlatforms) = postSolution
		{F48DD89F-E162-4775-BDC5-326C21753A41}.Debug|Any CPU.ActiveCfg = Debug|Any CPU
		{F48DD89F-E162-4775-BDC5-326C21753A41}.Debug|Any CPU.Build.0 = Debug|Any CPU
		{F48DD89F-E162-4775-BDC5-326C21753A41}.Release|Any CPU.ActiveCfg = Release|Any CPU
		{F48DD89F-E162-4775-BDC5-326C21753A41}.Release|Any CPU.Build.0 = Release|Any CPU
		{56CB0FEF-BD28-4AF8-B329-6BBAEDBF23BC}.Debug|Any CPU.ActiveCfg = Debug|Any CPU
		{56CB0FEF-BD28-4AF8-B329-6BBAEDBF23BC}.Debug|Any CPU.Build.0 = Debug|Any CPU
		{56CB0FEF-BD28-4AF8-B329-6BBAEDBF23BC}.Release|Any CPU.ActiveCfg = Release|Any CPU
		{56CB0FEF-BD28-4AF8-B329-6BBAEDBF23BC}.Release|Any CPU.Build.0 = Release|Any CPU
		{79E09712-6D43-423B-9702-1DB6585B1CF6}.Debug|Any CPU.ActiveCfg = Debug|Any CPU
		{79E09712-6D43-423B-9702-1DB6585B1CF6}.Debug|Any CPU.Build.0 = Debug|Any CPU
		{79E09712-6D43-423B-9702-1DB6585B1CF6}.Release|Any CPU.ActiveCfg = Release|Any CPU
		{79E09712-6D43-423B-9702-1DB6585B1CF6}.Release|Any CPU.Build.0 = Release|Any CPU
	EndGlobalSection
	GlobalSection(SolutionProperties) = preSolution
		HideSolutionNode = FALSE
	EndGlobalSection
	GlobalSection(ExtensibilityGlobals) = postSolution
		SolutionGuid = {C88AF35C-0592-4C10-A9EA-FDAF2F5D6ACC}
	EndGlobalSection
EndGlobal
